
Microsoft Visual Studio Solution File, Format Version 12.00
# Visual Studio Version 16
VisualStudioVersion = 16.0.31424.327
MinimumVisualStudioVersion = 10.0.40219.1
Project("{FAE04EC0-301F-11D3-BF4B-00C04F79EFBC}") = "JunimoServer", "JunimoServer\JunimoServer.csproj", "{73F95CD6-9989-441A-95A2-1F4F8BD246F3}"
EndProject
Global
	GlobalSection(SolutionConfigurationPlatforms) = preSolution
		Debug|Any CPU = Debug|Any CPU
		Release|Any CPU = Release|Any CPU
	EndGlobalSection
	GlobalSection(ProjectConfigurationPlatforms) = postSolution
		{73F95CD6-9989-441A-95A2-1F4F8BD246F3}.Debug|Any CPU.ActiveCfg = Debug|Any CPU
		{73F95CD6-9989-441A-95A2-1F4F8BD246F3}.Debug|Any CPU.Build.0 = Debug|Any CPU
		{73F95CD6-9989-441A-95A2-1F4F8BD246F3}.Release|Any CPU.ActiveCfg = Release|Any CPU
		{73F95CD6-9989-441A-95A2-1F4F8BD246F3}.Release|Any CPU.Build.0 = Release|Any CPU
		{73F95CD6-9989-441A-95A2-1F4F8BD246F3}.Debug|Any CPU.Deploy.0 = Debug|Any CPU
	EndGlobalSection
	GlobalSection(SolutionProperties) = preSolution
		HideSolutionNode = FALSE
	EndGlobalSection
	GlobalSection(ExtensibilityGlobals) = postSolution
		SolutionGuid = {4C481B93-8466-4C03-A28F-D29CB3F5BF62}
	EndGlobalSection
EndGlobal
